
Microsoft Visual Studio Solution File, Format Version 12.00
# Visual Studio Version 17
VisualStudioVersion = 17.4.33122.133
MinimumVisualStudioVersion = 10.0.40219.1
Project("{9A19103F-16F7-4668-BE54-9A1E7A4F7556}") = "Algorithm", "Algorithm\Algorithm.csproj", "{F8A4A881-F402-4D9C-85CC-F3A6AC8DE4B7}"
EndProject
Project("{9A19103F-16F7-4668-BE54-9A1E7A4F7556}") = "CelingFunction", "CelingFunction\CelingFunction.csproj", "{D3B3B741-E00F-4116-9747-20919F503A3A}"
EndProject
Project("{9A19103F-16F7-4668-BE54-9A1E7A4F7556}") = "GalaxyQuest", "GalaxyQuest\GalaxyQuest.csproj", "{6C018029-7BC9-4ED0-AD70-D7F46974BE46}"
EndProject
Project("{9A19103F-16F7-4668-BE54-9A1E7A4F7556}") = "AutoSink", "AutoSink\AutoSink.csproj", "{1CA738AD-9B7A-4DF1-B2D1-6EF7209C6086}"
EndProject
Project("{9A19103F-16F7-4668-BE54-9A1E7A4F7556}") = "RumorMill", "RumorMill\RumorMill.csproj", "{F98BBBFE-44B2-4B5D-806E-B3DE361767DB}"
EndProject
Project("{FAE04EC0-301F-11D3-BF4B-00C04F79EFBC}") = "GetShorty", "GetShorty\GetShorty.csproj", "{DC6D1D60-9F8D-4900-A2C2-C9C95FA14446}"
EndProject
Global
	GlobalSection(SolutionConfigurationPlatforms) = preSolution
		Debug|Any CPU = Debug|Any CPU
		Release|Any CPU = Release|Any CPU
	EndGlobalSection
	GlobalSection(ProjectConfigurationPlatforms) = postSolution
		{F8A4A881-F402-4D9C-85CC-F3A6AC8DE4B7}.Debug|Any CPU.ActiveCfg = Debug|Any CPU
		{F8A4A881-F402-4D9C-85CC-F3A6AC8DE4B7}.Debug|Any CPU.Build.0 = Debug|Any CPU
		{F8A4A881-F402-4D9C-85CC-F3A6AC8DE4B7}.Release|Any CPU.ActiveCfg = Release|Any CPU
		{F8A4A881-F402-4D9C-85CC-F3A6AC8DE4B7}.Release|Any CPU.Build.0 = Release|Any CPU
		{D3B3B741-E00F-4116-9747-20919F503A3A}.Debug|Any CPU.ActiveCfg = Debug|Any CPU
		{D3B3B741-E00F-4116-9747-20919F503A3A}.Debug|Any CPU.Build.0 = Debug|Any CPU
		{D3B3B741-E00F-4116-9747-20919F503A3A}.Release|Any CPU.ActiveCfg = Release|Any CPU
		{D3B3B741-E00F-4116-9747-20919F503A3A}.Release|Any CPU.Build.0 = Release|Any CPU
		{6C018029-7BC9-4ED0-AD70-D7F46974BE46}.Debug|Any CPU.ActiveCfg = Debug|Any CPU
		{6C018029-7BC9-4ED0-AD70-D7F46974BE46}.Debug|Any CPU.Build.0 = Debug|Any CPU
		{6C018029-7BC9-4ED0-AD70-D7F46974BE46}.Release|Any CPU.ActiveCfg = Release|Any CPU
		{6C018029-7BC9-4ED0-AD70-D7F46974BE46}.Release|Any CPU.Build.0 = Release|Any CPU
		{1CA738AD-9B7A-4DF1-B2D1-6EF7209C6086}.Debug|Any CPU.ActiveCfg = Debug|Any CPU
		{1CA738AD-9B7A-4DF1-B2D1-6EF7209C6086}.Debug|Any CPU.Build.0 = Debug|Any CPU
		{1CA738AD-9B7A-4DF1-B2D1-6EF7209C6086}.Release|Any CPU.ActiveCfg = Release|Any CPU
		{1CA738AD-9B7A-4DF1-B2D1-6EF7209C6086}.Release|Any CPU.Build.0 = Release|Any CPU
		{F98BBBFE-44B2-4B5D-806E-B3DE361767DB}.Debug|Any CPU.ActiveCfg = Debug|Any CPU
		{F98BBBFE-44B2-4B5D-806E-B3DE361767DB}.Debug|Any CPU.Build.0 = Debug|Any CPU
		{F98BBBFE-44B2-4B5D-806E-B3DE361767DB}.Release|Any CPU.ActiveCfg = Release|Any CPU
		{F98BBBFE-44B2-4B5D-806E-B3DE361767DB}.Release|Any CPU.Build.0 = Release|Any CPU
		{DC6D1D60-9F8D-4900-A2C2-C9C95FA14446}.Debug|Any CPU.ActiveCfg = Debug|Any CPU
		{DC6D1D60-9F8D-4900-A2C2-C9C95FA14446}.Debug|Any CPU.Build.0 = Debug|Any CPU
		{DC6D1D60-9F8D-4900-A2C2-C9C95FA14446}.Release|Any CPU.ActiveCfg = Release|Any CPU
		{DC6D1D60-9F8D-4900-A2C2-C9C95FA14446}.Release|Any CPU.Build.0 = Release|Any CPU
	EndGlobalSection
	GlobalSection(SolutionProperties) = preSolution
		HideSolutionNode = FALSE
	EndGlobalSection
	GlobalSection(ExtensibilityGlobals) = postSolution
		SolutionGuid = {2960C79D-97D9-4874-9C0F-9FB11CF1D5CB}
	EndGlobalSection
EndGlobal
